
Microsoft Visual Studio Solution File, Format Version 12.00
# Visual Studio Version 16
VisualStudioVersion = 16.0.30011.22
MinimumVisualStudioVersion = 10.0.40219.1
Project("{9A19103F-16F7-4668-BE54-9A1E7A4F7556}") = "消息队列send", "消息队列\消息队列send.csproj", "{7D872606-AF11-4B72-B2BC-B6A1040051E2}"
EndProject
Project("{FAE04EC0-301F-11D3-BF4B-00C04F79EFBC}") = "消息队列Receive", "消息队列Receive\消息队列Receive.csproj", "{19D163B3-A8AA-4BDA-BAAF-ADD316BC6981}"
EndProject
Global
	GlobalSection(SolutionConfigurationPlatforms) = preSolution
		Debug|Any CPU = Debug|Any CPU
		Release|Any CPU = Release|Any CPU
	EndGlobalSection
	GlobalSection(ProjectConfigurationPlatforms) = postSolution
		{7D872606-AF11-4B72-B2BC-B6A1040051E2}.Debug|Any CPU.ActiveCfg = Debug|Any CPU
		{7D872606-AF11-4B72-B2BC-B6A1040051E2}.Debug|Any CPU.Build.0 = Debug|Any CPU
		{7D872606-AF11-4B72-B2BC-B6A1040051E2}.Release|Any CPU.ActiveCfg = Release|Any CPU
		{7D872606-AF11-4B72-B2BC-B6A1040051E2}.Release|Any CPU.Build.0 = Release|Any CPU
		{19D163B3-A8AA-4BDA-BAAF-ADD316BC6981}.Debug|Any CPU.ActiveCfg = Debug|Any CPU
		{19D163B3-A8AA-4BDA-BAAF-ADD316BC6981}.Debug|Any CPU.Build.0 = Debug|Any CPU
		{19D163B3-A8AA-4BDA-BAAF-ADD316BC6981}.Release|Any CPU.ActiveCfg = Release|Any CPU
		{19D163B3-A8AA-4BDA-BAAF-ADD316BC6981}.Release|Any CPU.Build.0 = Release|Any CPU
	EndGlobalSection
	GlobalSection(SolutionProperties) = preSolution
		HideSolutionNode = FALSE
	EndGlobalSection
	GlobalSection(ExtensibilityGlobals) = postSolution
		SolutionGuid = {450B8074-38BB-4BA3-8D27-578B967CC775}
	EndGlobalSection
EndGlobal
